
Microsoft Visual Studio Solution File, Format Version 12.00
# Visual Studio 14
VisualStudioVersion = 14.0.24720.0
MinimumVisualStudioVersion = 10.0.40219.1
Project("{FAE04EC0-301F-11D3-BF4B-00C04F79EFBC}") = "WoundifyUWP", "WoundifyUWP\WoundifyUWP.csproj", "{B2BE1B7B-6E29-4635-B7CC-25E219514A00}"
EndProject
Project("{D954291E-2A0B-460D-934E-DC6B0785DB48}") = "WoundifyShared", "WoundifyShared\WoundifyShared.shproj", "{B55D83BF-4180-4036-BFE6-D559186973ED}"
EndProject
Project("{FAE04EC0-301F-11D3-BF4B-00C04F79EFBC}") = "WoundifyWpf", "WoundifyWpf\WoundifyWpf.csproj", "{54052FF4-E759-4CAE-8B10-E05F4DFC4BBD}"
EndProject
Project("{FAE04EC0-301F-11D3-BF4B-00C04F79EFBC}") = "WoundifyConsole", "WoundifyConsole\WoundifyConsole.csproj", "{3ABFDF30-4EF6-4C41-8FC7-6D44FE07C4C2}"
EndProject
Project("{2150E333-8FDC-42A3-9474-1A3956D46DE8}") = "Solution Items", "Solution Items", "{EC522390-9EE2-4CC6-8DFF-1F7E317CE298}"
	ProjectSection(SolutionItems) = preProject
		Notes.txt = Notes.txt
		README.md = README.md
	EndProjectSection
EndProject
Global
	GlobalSection(SharedMSBuildProjectFiles) = preSolution
		WoundifyShared\WoundifyShared.projitems*{b2be1b7b-6e29-4635-b7cc-25e219514a00}*SharedItemsImports = 4
		WoundifyShared\WoundifyShared.projitems*{3abfdf30-4ef6-4c41-8fc7-6d44fe07c4c2}*SharedItemsImports = 4
		WoundifyShared\WoundifyShared.projitems*{b55d83bf-4180-4036-bfe6-d559186973ed}*SharedItemsImports = 13
	EndGlobalSection
	GlobalSection(SolutionConfigurationPlatforms) = preSolution
		Debug|Any CPU = Debug|Any CPU
		Debug|ARM = Debug|ARM
		Debug|x64 = Debug|x64
		Debug|x86 = Debug|x86
		Release|Any CPU = Release|Any CPU
		Release|ARM = Release|ARM
		Release|x64 = Release|x64
		Release|x86 = Release|x86
	EndGlobalSection
	GlobalSection(ProjectConfigurationPlatforms) = postSolution
		{B2BE1B7B-6E29-4635-B7CC-25E219514A00}.Debug|Any CPU.ActiveCfg = Debug|x86
		{B2BE1B7B-6E29-4635-B7CC-25E219514A00}.Debug|ARM.ActiveCfg = Debug|ARM
		{B2BE1B7B-6E29-4635-B7CC-25E219514A00}.Debug|ARM.Build.0 = Debug|ARM
		{B2BE1B7B-6E29-4635-B7CC-25E219514A00}.Debug|ARM.Deploy.0 = Debug|ARM
		{B2BE1B7B-6E29-4635-B7CC-25E219514A00}.Debug|x64.ActiveCfg = Debug|x64
		{B2BE1B7B-6E29-4635-B7CC-25E219514A00}.Debug|x64.Build.0 = Debug|x64
		{B2BE1B7B-6E29-4635-B7CC-25E219514A00}.Debug|x64.Deploy.0 = Debug|x64
		{B2BE1B7B-6E29-4635-B7CC-25E219514A00}.Debug|x86.ActiveCfg = Debug|x86
		{B2BE1B7B-6E29-4635-B7CC-25E219514A00}.Debug|x86.Build.0 = Debug|x86
		{B2BE1B7B-6E29-4635-B7CC-25E219514A00}.Debug|x86.Deploy.0 = Debug|x86
		{B2BE1B7B-6E29-4635-B7CC-25E219514A00}.Release|Any CPU.ActiveCfg = Release|x86
		{B2BE1B7B-6E29-4635-B7CC-25E219514A00}.Release|ARM.ActiveCfg = Release|ARM
		{B2BE1B7B-6E29-4635-B7CC-25E219514A00}.Release|ARM.Build.0 = Release|ARM
		{B2BE1B7B-6E29-4635-B7CC-25E219514A00}.Release|ARM.Deploy.0 = Release|ARM
		{B2BE1B7B-6E29-4635-B7CC-25E219514A00}.Release|x64.ActiveCfg = Release|x64
		{B2BE1B7B-6E29-4635-B7CC-25E219514A00}.Release|x64.Build.0 = Release|x64
		{B2BE1B7B-6E29-4635-B7CC-25E219514A00}.Release|x64.Deploy.0 = Release|x64
		{B2BE1B7B-6E29-4635-B7CC-25E219514A00}.Release|x86.ActiveCfg = Release|x86
		{B2BE1B7B-6E29-4635-B7CC-25E219514A00}.Release|x86.Build.0 = Release|x86
		{B2BE1B7B-6E29-4635-B7CC-25E219514A00}.Release|x86.Deploy.0 = Release|x86
		{54052FF4-E759-4CAE-8B10-E05F4DFC4BBD}.Debug|Any CPU.ActiveCfg = Debug|Any CPU
		{54052FF4-E759-4CAE-8B10-E05F4DFC4BBD}.Debug|Any CPU.Build.0 = Debug|Any CPU
		{54052FF4-E759-4CAE-8B10-E05F4DFC4BBD}.Debug|ARM.ActiveCfg = Debug|Any CPU
		{54052FF4-E759-4CAE-8B10-E05F4DFC4BBD}.Debug|ARM.Build.0 = Debug|Any CPU
		{54052FF4-E759-4CAE-8B10-E05F4DFC4BBD}.Debug|x64.ActiveCfg = Debug|Any CPU
		{54052FF4-E759-4CAE-8B10-E05F4DFC4BBD}.Debug|x64.Build.0 = Debug|Any CPU
		{54052FF4-E759-4CAE-8B10-E05F4DFC4BBD}.Debug|x86.ActiveCfg = Debug|Any CPU
		{54052FF4-E759-4CAE-8B10-E05F4DFC4BBD}.Debug|x86.Build.0 = Debug|Any CPU
		{54052FF4-E759-4CAE-8B10-E05F4DFC4BBD}.Release|Any CPU.ActiveCfg = Release|Any CPU
		{54052FF4-E759-4CAE-8B10-E05F4DFC4BBD}.Release|Any CPU.Build.0 = Release|Any CPU
		{54052FF4-E759-4CAE-8B10-E05F4DFC4BBD}.Release|ARM.ActiveCfg = Release|Any CPU
		{54052FF4-E759-4CAE-8B10-E05F4DFC4BBD}.Release|ARM.Build.0 = Release|Any CPU
		{54052FF4-E759-4CAE-8B10-E05F4DFC4BBD}.Release|x64.ActiveCfg = Release|Any CPU
		{54052FF4-E759-4CAE-8B10-E05F4DFC4BBD}.Release|x64.Build.0 = Release|Any CPU
		{54052FF4-E759-4CAE-8B10-E05F4DFC4BBD}.Release|x86.ActiveCfg = Release|Any CPU
		{54052FF4-E759-4CAE-8B10-E05F4DFC4BBD}.Release|x86.Build.0 = Release|Any CPU
		{3ABFDF30-4EF6-4C41-8FC7-6D44FE07C4C2}.Debug|Any CPU.ActiveCfg = Debug|Any CPU
		{3ABFDF30-4EF6-4C41-8FC7-6D44FE07C4C2}.Debug|Any CPU.Build.0 = Debug|Any CPU
		{3ABFDF30-4EF6-4C41-8FC7-6D44FE07C4C2}.Debug|ARM.ActiveCfg = Debug|Any CPU
		{3ABFDF30-4EF6-4C41-8FC7-6D44FE07C4C2}.Debug|ARM.Build.0 = Debug|Any CPU
		{3ABFDF30-4EF6-4C41-8FC7-6D44FE07C4C2}.Debug|x64.ActiveCfg = Debug|Any CPU
		{3ABFDF30-4EF6-4C41-8FC7-6D44FE07C4C2}.Debug|x64.Build.0 = Debug|Any CPU
		{3ABFDF30-4EF6-4C41-8FC7-6D44FE07C4C2}.Debug|x86.ActiveCfg = Debug|Any CPU
		{3ABFDF30-4EF6-4C41-8FC7-6D44FE07C4C2}.Debug|x86.Build.0 = Debug|Any CPU
		{3ABFDF30-4EF6-4C41-8FC7-6D44FE07C4C2}.Release|Any CPU.ActiveCfg = Release|Any CPU
		{3ABFDF30-4EF6-4C41-8FC7-6D44FE07C4C2}.Release|Any CPU.Build.0 = Release|Any CPU
		{3ABFDF30-4EF6-4C41-8FC7-6D44FE07C4C2}.Release|ARM.ActiveCfg = Release|Any CPU
		{3ABFDF30-4EF6-4C41-8FC7-6D44FE07C4C2}.Release|ARM.Build.0 = Release|Any CPU
		{3ABFDF30-4EF6-4C41-8FC7-6D44FE07C4C2}.Release|x64.ActiveCfg = Release|Any CPU
		{3ABFDF30-4EF6-4C41-8FC7-6D44FE07C4C2}.Release|x64.Build.0 = Release|Any CPU
		{3ABFDF30-4EF6-4C41-8FC7-6D44FE07C4C2}.Release|x86.ActiveCfg = Release|Any CPU
		{3ABFDF30-4EF6-4C41-8FC7-6D44FE07C4C2}.Release|x86.Build.0 = Release|Any CPU
	EndGlobalSection
	GlobalSection(SolutionProperties) = preSolution
		HideSolutionNode = FALSE
	EndGlobalSection
EndGlobal
